
Microsoft Visual Studio Solution File, Format Version 12.00
# Visual Studio Version 17
VisualStudioVersion = 17.13.35818.85 d17.13
MinimumVisualStudioVersion = 10.0.40219.1
Project("{FAE04EC0-301F-11D3-BF4B-00C04F79EFBC}") = "SaaSAutomationFramework", "SaaSAutomationFramework.csproj", "{FA2E8D14-0C73-45CA-95C5-FE809A78A08B}"
EndProject
Global
	GlobalSection(SolutionConfigurationPlatforms) = preSolution
		Debug|Any CPU = Debug|Any CPU
		Release|Any CPU = Release|Any CPU
	EndGlobalSection
	GlobalSection(ProjectConfigurationPlatforms) = postSolution
		{FA2E8D14-0C73-45CA-95C5-FE809A78A08B}.Debug|Any CPU.ActiveCfg = Debug|Any CPU
		{FA2E8D14-0C73-45CA-95C5-FE809A78A08B}.Debug|Any CPU.Build.0 = Debug|Any CPU
		{FA2E8D14-0C73-45CA-95C5-FE809A78A08B}.Release|Any CPU.ActiveCfg = Release|Any CPU
		{FA2E8D14-0C73-45CA-95C5-FE809A78A08B}.Release|Any CPU.Build.0 = Release|Any CPU
	EndGlobalSection
	GlobalSection(SolutionProperties) = preSolution
		HideSolutionNode = FALSE
	EndGlobalSection
	GlobalSection(ExtensibilityGlobals) = postSolution
		SolutionGuid = {2B94943D-7CAF-43E2-B10A-2ED172D3F9EC}
	EndGlobalSection
EndGlobal
